
Microsoft Visual Studio Solution File, Format Version 12.00
# Visual Studio Version 16
VisualStudioVersion = 16.0.28803.452
MinimumVisualStudioVersion = 10.0.40219.1
Project("{FAE04EC0-301F-11D3-BF4B-00C04F79EFBC}") = "DatingAPI", "DatingAPI\DatingAPI.csproj", "{1F799CA7-A825-4125-8E13-0D6977F6549A}"
EndProject
Global
	GlobalSection(SolutionConfigurationPlatforms) = preSolution
		Debug|Any CPU = Debug|Any CPU
		Release|Any CPU = Release|Any CPU
	EndGlobalSection
	GlobalSection(ProjectConfigurationPlatforms) = postSolution
		{1F799CA7-A825-4125-8E13-0D6977F6549A}.Debug|Any CPU.ActiveCfg = Debug|Any CPU
		{1F799CA7-A825-4125-8E13-0D6977F6549A}.Debug|Any CPU.Build.0 = Debug|Any CPU
		{1F799CA7-A825-4125-8E13-0D6977F6549A}.Release|Any CPU.ActiveCfg = Release|Any CPU
		{1F799CA7-A825-4125-8E13-0D6977F6549A}.Release|Any CPU.Build.0 = Release|Any CPU
	EndGlobalSection
	GlobalSection(SolutionProperties) = preSolution
		HideSolutionNode = FALSE
	EndGlobalSection
	GlobalSection(ExtensibilityGlobals) = postSolution
		SolutionGuid = {7A34DC5D-899D-4D07-93D2-0F5CCF79A17A}
	EndGlobalSection
EndGlobal
